dependencies:
- name: common
  repository: oci://ghcr.io/platform-mesh/helm-charts
  version: 0.12.2
- name: platform-mesh-operator-crds
  repository: oci://ghcr.io/platform-mesh/helm-charts
  version: 0.6.0
digest: sha256:f8b28421b4cb2c4e87cbb199c323d025fa2e2363da7f2ee584110e6aa633ce0e
generated: "2026-05-12T18:00:24.291105073Z"
