dependencies:
- name: common
  repository: oci://ghcr.io/platform-mesh/helm-charts
  version: 0.12.2
- name: platform-mesh-operator-crds
  repository: oci://ghcr.io/platform-mesh/helm-charts
  version: 0.6.1
digest: sha256:a62decc00278e457e1811dbc8f37c02f74b178bcdab6ea764d91f02090b7ddfc
generated: "2026-05-21T18:02:32.114882425Z"
