dependencies:
- name: security-operator-crds
  repository: oci://ghcr.io/platform-mesh/helm-charts
  version: 0.3.0
- name: common
  repository: oci://ghcr.io/platform-mesh/helm-charts
  version: 0.8.0
digest: sha256:7381a6534cb06065ddfec50c3961118a3b261cd93d91061fec51434468890c13
generated: "2025-11-17T23:22:47.3442781Z"
