dependencies:
- name: extension-manager-operator-crds
  repository: oci://ghcr.io/platform-mesh/helm-charts
  version: 0.3.0
- name: common
  repository: oci://ghcr.io/platform-mesh/helm-charts
  version: 0.10.0
digest: sha256:c99ce7567ed9b5f5bd49739862b6f9f9b6f4581e31561eaaf7a2a14635632105
generated: "2026-01-13T10:38:59.714507712Z"
