dependencies:
- name: extension-manager-operator-crds
  repository: oci://ghcr.io/platform-mesh/helm-charts
  version: 0.2.1
- name: common
  repository: oci://ghcr.io/platform-mesh/helm-charts
  version: 0.7.0
digest: sha256:6b6c741f23ea4ac1a10f2e7479df550614ffd51871020e3b617ac1e9af4afc84
generated: "2025-11-13T07:54:58.056823115Z"
