dependencies:
- name: prometheus-operator-crds
  repository: https://prometheus-community.github.io/helm-charts
  version: 28.0.1
- name: opentelemetry-operator
  repository: https://open-telemetry.github.io/opentelemetry-helm-charts
  version: 0.112.0
- name: prometheus
  repository: https://prometheus-community.github.io/helm-charts
  version: 29.6.0
digest: sha256:00f2ffc78ffbb1490e0a9e0464218edc0317933ad5d2fb69419ed0be2dccb479
generated: "2026-05-13T09:48:11.510480356Z"
