dependencies:
- name: account-operator-crds
  repository: oci://ghcr.io/platform-mesh/helm-charts
  version: 0.2.6
- name: common
  repository: oci://ghcr.io/platform-mesh/helm-charts
  version: 0.12.2
digest: sha256:17af2b9efa1a684cde36f81125a6c36bb4b3a5f947ec738b72b1493b913155f4
generated: "2026-04-27T08:20:48.640579089Z"
