dependencies:
- name: account-operator-crds
  repository: oci://ghcr.io/platform-mesh/helm-charts
  version: 0.2.4
- name: common
  repository: oci://ghcr.io/platform-mesh/helm-charts
  version: 0.9.0
digest: sha256:af2683264b112fdba5b06cfbb761c86e54c5d5b97e7a2d67641d979ba30e4d9d
generated: "2025-11-18T08:19:28.479978508Z"
