dependencies:
- name: account-operator-crds
  repository: oci://ghcr.io/platform-mesh/helm-charts
  version: 0.2.4
- name: common
  repository: oci://ghcr.io/platform-mesh/helm-charts
  version: 0.8.0
digest: sha256:27b03d65f03de53152e40669d9e00194cfc6a57b0adbc2d513af9414fcb9c53d
generated: "2025-11-17T23:22:06.602468363Z"
