dependencies:
- name: common
  repository: oci://ghcr.io/platform-mesh/helm-charts
  version: 0.8.0
- name: kubernetes-graphql-gateway-crds
  repository: oci://ghcr.io/platform-mesh/helm-charts
  version: 0.0.1
digest: sha256:eae5c86bb06b4912bbead7ecfea203916cdd718c284661a4d26bf09fcb7c2c6f
generated: "2025-11-17T23:22:22.041475426Z"
