dependencies:
- name: common
  repository: oci://ghcr.io/platform-mesh/helm-charts
  version: 0.11.2
- name: kubernetes-graphql-gateway-crds
  repository: oci://ghcr.io/platform-mesh/helm-charts
  version: 0.0.1
digest: sha256:3798111a63b1910126bb0a4ab63a6cb597d1f5548cc0e9504ee22c21e311df10
generated: "2026-01-26T17:06:49.880240153Z"
